version = 1
revision = 3
requires-python = ">=3.12"

[[package]]
name = "colorama"
version = "0.4.6"
source = { registry = "https://pypi.org/simple" }
sdist = { url = "https://files.pythonhosted.org/packages/d8/53/6f443c9a4a8358a93a6792e2acffb9d9d5cb0a5cfd8802644b7b1c9a02e4/colorama-0.4.6.tar.gz", hash = "sha256:08695f5cb7ed6e0531a20572697297273c47b8cae5a63ffc6d6ed5c201be6e44", size = 27697, upload-time = "2022-10-25T02:36:22.414Z" }
wheels = [
    { url = "https://files.pythonhosted.org/packages/d1/d6/3965ed04c63042e047cb6a3e6ed1a63a35087b6a609aa3a15ed8ac56c221/colorama-0.4.6-py2.py3-none-any.whl", hash = "sha256:4f1d9991f5acc0ca119f9d443620b77f9d6b33703e51011c16baf57afb285fc6", size = 25335, upload-time = "2022-10-25T02:36:20.889Z" },
]

[[package]]
name = "frida"
version = "17.9.1"
source = { registry = "https://pypi.org/simple" }
sdist = { url = "https://files.pythonhosted.org/packages/3e/b9/bf5f9fa7b4b754ec5db07046601e262179634f32546c0b680de88cd4f369/frida-17.9.1.tar.gz", hash = "sha256:93294cc26925dfcd8a54ff25bf5d1746e0bf1b9fadb1af106047e945000759e4", size = 926672, upload-time = "2026-03-27T11:30:11.03Z" }
wheels = [
    { url = "https://files.pythonhosted.org/packages/a6/37/caab02e685217a47aed8a1dc8e91f0a951ee4327308af0aaa5343fd503e0/frida-17.9.1-cp37-abi3-macosx_10_13_x86_64.whl", hash = "sha256:21ed514da56a3cf6bd6064b117334528c9dd902512887f3f17032a3ba96aa1c7", size = 23107061, upload-time = "2026-03-27T11:29:35.468Z" },
    { url = "https://files.pythonhosted.org/packages/aa/21/37f72cdce3e63d1a52a8c11f3c8c0464ee534ae967094b721457308abdd7/frida-17.9.1-cp37-abi3-macosx_11_0_arm64.whl", hash = "sha256:bbc552e2afb220f284719039bd061a39648ee39b58316e3d75226657c3b57404", size = 32466196, upload-time = "2026-03-27T11:29:37.977Z" },
    { url = "https://files.pythonhosted.org/packages/fe/90/24d63cefac46c7cfe09c3a832e9f7e5b3632162cb7599dfd6167795b9769/frida-17.9.1-cp37-abi3-manylinux1_i686.whl", hash = "sha256:4c46c43f130d2c3b40f3c0c52e33d7455027c726a6e6d7c430710ffb851330f0", size = 20655829, upload-time = "2026-03-27T11:29:40.636Z" },
    { url = "https://files.pythonhosted.org/packages/5b/23/0acbe278e255834956cc47a1d3733545608ed64f086204cf966750d190f4/frida-17.9.1-cp37-abi3-manylinux1_x86_64.whl", hash = "sha256:d24df260e79ba354404f7307de55f80e9d0d50c393ba6d1255adfcea08c6bd62", size = 32876795, upload-time = "2026-03-27T11:29:43.479Z" },
    { url = "https://files.pythonhosted.org/packages/a2/fd/db46b22d5931ef7d6945f691b68991c5661d99b05fa1ed0fe491fb318353/frida-17.9.1-cp37-abi3-manylinux2014_aarch64.whl", hash = "sha256:a4461839e19769e4b3b799c0536dcdbb12ee46e26c37a9a6bf93cbd96efed717", size = 21464979, upload-time = "2026-03-27T11:29:46.246Z" },
    { url = "https://files.pythonhosted.org/packages/af/d2/afcec999bf2a4c1c5fc4a3ddf400333de4a70bb980a49e6c241c4f58e7fa/frida-17.9.1-cp37-abi3-manylinux2014_armv7l.whl", hash = "sha256:3772b7b24731a64f5d13a8ac660d9e7d4a00ea07e2b461b242963c75b555e3fe", size = 19305318, upload-time = "2026-03-27T11:29:48.881Z" },
    { url = "https://files.pythonhosted.org/packages/44/d7/3203baab36d84b223d6717c51f22e70d8694e1b8536e684d120630921723/frida-17.9.1-cp37-abi3-manylinux_2_17_aarch64.whl", hash = "sha256:0d1fb3ed3aeb265368a1f68fe4a4371b4a2eb2e7bd7cf9ab179611657da4ab8a", size = 21464980, upload-time = "2026-03-27T11:29:51.14Z" },
    { url = "https://files.pythonhosted.org/packages/1b/0a/e3356b2cc9d0bec241fd1d38f7d7037d88996c8c0f08e5b844e1607aeeaa/frida-17.9.1-cp37-abi3-manylinux_2_17_armv7l.whl", hash = "sha256:e132df555925f1b0079d922d7f0c71011855b82e0925cc0a99caaeeff9d0b5bb", size = 19305319, upload-time = "2026-03-27T11:29:53.444Z" },
    { url = "https://files.pythonhosted.org/packages/cd/f4/07bb67d0be35e841f350b22eb7fa39dea0b65a53acb3de13f95a44e1cfae/frida-17.9.1-cp37-abi3-manylinux_2_5_i686.whl", hash = "sha256:430d393501c68fc3413fe0b02dc3ded672f29a668264949c325bd90793b6a9e9", size = 20655835, upload-time = "2026-03-27T11:29:56.269Z" },
    { url = "https://files.pythonhosted.org/packages/0c/a4/41e4a0cdbe3c087d76642c7aa98184049a43cedd4244978ad55df3ad8f20/frida-17.9.1-cp37-abi3-manylinux_2_5_x86_64.whl", hash = "sha256:00114569655a0884ce6f590f053512b537392756d8830361001552492906c613", size = 32876800, upload-time = "2026-03-27T11:29:58.97Z" },
    { url = "https://files.pythonhosted.org/packages/eb/17/d3897089c9fedbf149753ec0af91d674452cb8a54b3f91f93c1384617064/frida-17.9.1-cp37-abi3-win32.whl", hash = "sha256:8bcbf74167b7b6fd3810e939f416600a1e19ef09cb1cbe4282bab2058ff46d94", size = 39270142, upload-time = "2026-03-27T11:30:01.892Z" },
    { url = "https://files.pythonhosted.org/packages/b3/92/ac7209448a51a371857069a2966392b9c83c5ed1b15ef9f2221277dad79d/frida-17.9.1-cp37-abi3-win_amd64.whl", hash = "sha256:edb881085c686987cffb0503bc13b795f694de2ca4eed0a7526e22e5f16a8d14", size = 41910870, upload-time = "2026-03-27T11:30:05.125Z" },
    { url = "https://files.pythonhosted.org/packages/d4/92/736e252d76d7bd10d0a665dd89071a0906fe1141417695d1f19f95287871/frida-17.9.1-cp37-abi3-win_arm64.whl", hash = "sha256:519564df2f65ec6960387d190d02cad25784b093910d888488030cbea760015a", size = 51797963, upload-time = "2026-03-27T11:30:08.407Z" },
]

[[package]]
name = "frida-tools"
version = "14.8.1"
source = { registry = "https://pypi.org/simple" }
dependencies = [
    { name = "colorama" },
    { name = "frida" },
    { name = "prompt-toolkit" },
    { name = "pygments" },
    { name = "websockets" },
]
sdist = { url = "https://files.pythonhosted.org/packages/73/81/d3ffd045dc30486383d678d980845fb173d2eda8c8e220e80b3207a99266/frida_tools-14.8.1.tar.gz", hash = "sha256:f23654f62b1e69581cbfcbc4284626269bd2187d28b9b5037935175485a0a821", size = 4687212, upload-time = "2026-04-03T23:18:09.01Z" }

[[package]]
name = "prompt-toolkit"
version = "3.0.52"
source = { registry = "https://pypi.org/simple" }
dependencies = [
    { name = "wcwidth" },
]
sdist = { url = "https://files.pythonhosted.org/packages/a1/96/06e01a7b38dce6fe1db213e061a4602dd6032a8a97ef6c1a862537732421/prompt_toolkit-3.0.52.tar.gz", hash = "sha256:28cde192929c8e7321de85de1ddbe736f1375148b02f2e17edd840042b1be855", size = 434198, upload-time = "2025-08-27T15:24:02.057Z" }
wheels = [
    { url = "https://files.pythonhosted.org/packages/84/03/0d3ce49e2505ae70cf43bc5bb3033955d2fc9f932163e84dc0779cc47f48/prompt_toolkit-3.0.52-py3-none-any.whl", hash = "sha256:9aac639a3bbd33284347de5ad8d68ecc044b91a762dc39b7c21095fcd6a19955", size = 391431, upload-time = "2025-08-27T15:23:59.498Z" },
]

[[package]]
name = "pygments"
version = "2.20.0"
source = { registry = "https://pypi.org/simple" }
sdist = { url = "https://files.pythonhosted.org/packages/c3/b2/bc9c9196916376152d655522fdcebac55e66de6603a76a02bca1b6414f6c/pygments-2.20.0.tar.gz", hash = "sha256:6757cd03768053ff99f3039c1a36d6c0aa0b263438fcab17520b30a303a82b5f", size = 4955991, upload-time = "2026-03-29T13:29:33.898Z" }
wheels = [
    { url = "https://files.pythonhosted.org/packages/f4/7e/a72dd26f3b0f4f2bf1dd8923c85f7ceb43172af56d63c7383eb62b332364/pygments-2.20.0-py3-none-any.whl", hash = "sha256:81a9e26dd42fd28a23a2d169d86d7ac03b46e2f8b59ed4698fb4785f946d0176", size = 1231151, upload-time = "2026-03-29T13:29:30.038Z" },
]

[[package]]
name = "wcwidth"
version = "0.6.0"
source = { registry = "https://pypi.org/simple" }
sdist = { url = "https://files.pythonhosted.org/packages/35/a2/8e3becb46433538a38726c948d3399905a4c7cabd0df578ede5dc51f0ec2/wcwidth-0.6.0.tar.gz", hash = "sha256:cdc4e4262d6ef9a1a57e018384cbeb1208d8abbc64176027e2c2455c81313159", size = 159684, upload-time = "2026-02-06T19:19:40.919Z" }
wheels = [
    { url = "https://files.pythonhosted.org/packages/68/5a/199c59e0a824a3db2b89c5d2dade7ab5f9624dbf6448dc291b46d5ec94d3/wcwidth-0.6.0-py3-none-any.whl", hash = "sha256:1a3a1e510b553315f8e146c54764f4fb6264ffad731b3d78088cdb1478ffbdad", size = 94189, upload-time = "2026-02-06T19:19:39.646Z" },
]

[[package]]
name = "websockets"
version = "13.1"
source = { registry = "https://pypi.org/simple" }
sdist = { url = "https://files.pythonhosted.org/packages/e2/73/9223dbc7be3dcaf2a7bbf756c351ec8da04b1fa573edaf545b95f6b0c7fd/websockets-13.1.tar.gz", hash = "sha256:a3b3366087c1bc0a2795111edcadddb8b3b59509d5db5d7ea3fdd69f954a8878", size = 158549, upload-time = "2024-09-21T17:34:21.54Z" }
wheels = [
    { url = "https://files.pythonhosted.org/packages/df/46/c426282f543b3c0296cf964aa5a7bb17e984f58dde23460c3d39b3148fcf/websockets-13.1-cp312-cp312-macosx_10_9_universal2.whl", hash = "sha256:9d75baf00138f80b48f1eac72ad1535aac0b6461265a0bcad391fc5aba875cfc", size = 157821, upload-time = "2024-09-21T17:32:56.442Z" },
    { url = "https://files.pythonhosted.org/packages/aa/85/22529867010baac258da7c45848f9415e6cf37fef00a43856627806ffd04/websockets-13.1-cp312-cp312-macosx_10_9_x86_64.whl", hash = "sha256:9b6f347deb3dcfbfde1c20baa21c2ac0751afaa73e64e5b693bb2b848efeaa49", size = 155480, upload-time = "2024-09-21T17:32:57.698Z" },
    { url = "https://files.pythonhosted.org/packages/29/2c/bdb339bfbde0119a6e84af43ebf6275278698a2241c2719afc0d8b0bdbf2/websockets-13.1-cp312-cp312-macosx_11_0_arm64.whl", hash = "sha256:de58647e3f9c42f13f90ac7e5f58900c80a39019848c5547bc691693098ae1bd", size = 155715, upload-time = "2024-09-21T17:32:59.429Z" },
    { url = "https://files.pythonhosted.org/packages/9f/d0/8612029ea04c5c22bf7af2fd3d63876c4eaeef9b97e86c11972a43aa0e6c/websockets-13.1-cp312-cp312-manylinux_2_17_aarch64.manylinux2014_aarch64.whl", hash = "sha256:a1b54689e38d1279a51d11e3467dd2f3a50f5f2e879012ce8f2d6943f00e83f0", size = 165647, upload-time = "2024-09-21T17:33:00.495Z" },
    { url = "https://files.pythonhosted.org/packages/56/04/1681ed516fa19ca9083f26d3f3a302257e0911ba75009533ed60fbb7b8d1/websockets-13.1-cp312-cp312-manylinux_2_5_i686.manylinux1_i686.manylinux_2_17_i686.manylinux2014_i686.whl", hash = "sha256:cf1781ef73c073e6b0f90af841aaf98501f975d306bbf6221683dd594ccc52b6", size = 164592, upload-time = "2024-09-21T17:33:02.223Z" },
    { url = "https://files.pythonhosted.org/packages/38/6f/a96417a49c0ed132bb6087e8e39a37db851c70974f5c724a4b2a70066996/websockets-13.1-cp312-cp312-manylinux_2_5_x86_64.manylinux1_x86_64.manylinux_2_17_x86_64.manylinux2014_x86_64.whl", hash = "sha256:8d23b88b9388ed85c6faf0e74d8dec4f4d3baf3ecf20a65a47b836d56260d4b9", size = 165012, upload-time = "2024-09-21T17:33:03.288Z" },
    { url = "https://files.pythonhosted.org/packages/40/8b/fccf294919a1b37d190e86042e1a907b8f66cff2b61e9befdbce03783e25/websockets-13.1-cp312-cp312-musllinux_1_2_aarch64.whl", hash = "sha256:3c78383585f47ccb0fcf186dcb8a43f5438bd7d8f47d69e0b56f71bf431a0a68", size = 165311, upload-time = "2024-09-21T17:33:04.728Z" },
    { url = "https://files.pythonhosted.org/packages/c1/61/f8615cf7ce5fe538476ab6b4defff52beb7262ff8a73d5ef386322d9761d/websockets-13.1-cp312-cp312-musllinux_1_2_i686.whl", hash = "sha256:d6d300f8ec35c24025ceb9b9019ae9040c1ab2f01cddc2bcc0b518af31c75c14", size = 164692, upload-time = "2024-09-21T17:33:05.829Z" },
    { url = "https://files.pythonhosted.org/packages/5c/f1/a29dd6046d3a722d26f182b783a7997d25298873a14028c4760347974ea3/websockets-13.1-cp312-cp312-musllinux_1_2_x86_64.whl", hash = "sha256:a9dcaf8b0cc72a392760bb8755922c03e17a5a54e08cca58e8b74f6902b433cf", size = 164686, upload-time = "2024-09-21T17:33:06.823Z" },
    { url = "https://files.pythonhosted.org/packages/0f/99/ab1cdb282f7e595391226f03f9b498f52109d25a2ba03832e21614967dfa/websockets-13.1-cp312-cp312-win32.whl", hash = "sha256:2f85cf4f2a1ba8f602298a853cec8526c2ca42a9a4b947ec236eaedb8f2dc80c", size = 158712, upload-time = "2024-09-21T17:33:07.877Z" },
    { url = "https://files.pythonhosted.org/packages/46/93/e19160db48b5581feac8468330aa11b7292880a94a37d7030478596cc14e/websockets-13.1-cp312-cp312-win_amd64.whl", hash = "sha256:38377f8b0cdeee97c552d20cf1865695fcd56aba155ad1b4ca8779a5b6ef4ac3", size = 159145, upload-time = "2024-09-21T17:33:09.202Z" },
    { url = "https://files.pythonhosted.org/packages/51/20/2b99ca918e1cbd33c53db2cace5f0c0cd8296fc77558e1908799c712e1cd/websockets-13.1-cp313-cp313-macosx_10_13_universal2.whl", hash = "sha256:a9ab1e71d3d2e54a0aa646ab6d4eebfaa5f416fe78dfe4da2839525dc5d765c6", size = 157828, upload-time = "2024-09-21T17:33:10.987Z" },
    { url = "https://files.pythonhosted.org/packages/b8/47/0932a71d3d9c0e9483174f60713c84cee58d62839a143f21a2bcdbd2d205/websockets-13.1-cp313-cp313-macosx_10_13_x86_64.whl", hash = "sha256:b9d7439d7fab4dce00570bb906875734df13d9faa4b48e261c440a5fec6d9708", size = 155487, upload-time = "2024-09-21T17:33:12.153Z" },
    { url = "https://files.pythonhosted.org/packages/a9/60/f1711eb59ac7a6c5e98e5637fef5302f45b6f76a2c9d64fd83bbb341377a/websockets-13.1-cp313-cp313-macosx_11_0_arm64.whl", hash = "sha256:327b74e915cf13c5931334c61e1a41040e365d380f812513a255aa804b183418", size = 155721, upload-time = "2024-09-21T17:33:13.909Z" },
    { url = "https://files.pythonhosted.org/packages/6a/e6/ba9a8db7f9d9b0e5f829cf626ff32677f39824968317223605a6b419d445/websockets-13.1-cp313-cp313-manylinux_2_17_aarch64.manylinux2014_aarch64.whl", hash = "sha256:325b1ccdbf5e5725fdcb1b0e9ad4d2545056479d0eee392c291c1bf76206435a", size = 165609, upload-time = "2024-09-21T17:33:14.967Z" },
    { url = "https://files.pythonhosted.org/packages/c1/22/4ec80f1b9c27a0aebd84ccd857252eda8418ab9681eb571b37ca4c5e1305/websockets-13.1-cp313-cp313-manylinux_2_5_i686.manylinux1_i686.manylinux_2_17_i686.manylinux2014_i686.whl", hash = "sha256:346bee67a65f189e0e33f520f253d5147ab76ae42493804319b5716e46dddf0f", size = 164556, upload-time = "2024-09-21T17:33:17.113Z" },
    { url = "https://files.pythonhosted.org/packages/27/ac/35f423cb6bb15600438db80755609d27eda36d4c0b3c9d745ea12766c45e/websockets-13.1-cp313-cp313-manylinux_2_5_x86_64.manylinux1_x86_64.manylinux_2_17_x86_64.manylinux2014_x86_64.whl", hash = "sha256:91a0fa841646320ec0d3accdff5b757b06e2e5c86ba32af2e0815c96c7a603c5", size = 164993, upload-time = "2024-09-21T17:33:18.168Z" },
    { url = "https://files.pythonhosted.org/packages/31/4e/98db4fd267f8be9e52e86b6ee4e9aa7c42b83452ea0ea0672f176224b977/websockets-13.1-cp313-cp313-musllinux_1_2_aarch64.whl", hash = "sha256:18503d2c5f3943e93819238bf20df71982d193f73dcecd26c94514f417f6b135", size = 165360, upload-time = "2024-09-21T17:33:19.233Z" },
    { url = "https://files.pythonhosted.org/packages/3f/15/3f0de7cda70ffc94b7e7024544072bc5b26e2c1eb36545291abb755d8cdb/websockets-13.1-cp313-cp313-musllinux_1_2_i686.whl", hash = "sha256:a9cd1af7e18e5221d2878378fbc287a14cd527fdd5939ed56a18df8a31136bb2", size = 164745, upload-time = "2024-09-21T17:33:20.361Z" },
    { url = "https://files.pythonhosted.org/packages/a1/6e/66b6b756aebbd680b934c8bdbb6dcb9ce45aad72cde5f8a7208dbb00dd36/websockets-13.1-cp313-cp313-musllinux_1_2_x86_64.whl", hash = "sha256:70c5be9f416aa72aab7a2a76c90ae0a4fe2755c1816c153c1a2bcc3333ce4ce6", size = 164732, upload-time = "2024-09-21T17:33:23.103Z" },
    { url = "https://files.pythonhosted.org/packages/35/c6/12e3aab52c11aeb289e3dbbc05929e7a9d90d7a9173958477d3ef4f8ce2d/websockets-13.1-cp313-cp313-win32.whl", hash = "sha256:624459daabeb310d3815b276c1adef475b3e6804abaf2d9d2c061c319f7f187d", size = 158709, upload-time = "2024-09-21T17:33:24.196Z" },
    { url = "https://files.pythonhosted.org/packages/41/d8/63d6194aae711d7263df4498200c690a9c39fb437ede10f3e157a6343e0d/websockets-13.1-cp313-cp313-win_amd64.whl", hash = "sha256:c518e84bb59c2baae725accd355c8dc517b4a3ed8db88b4bc93c78dae2974bf2", size = 159144, upload-time = "2024-09-21T17:33:25.96Z" },
    { url = "https://files.pythonhosted.org/packages/56/27/96a5cd2626d11c8280656c6c71d8ab50fe006490ef9971ccd154e0c42cd2/websockets-13.1-py3-none-any.whl", hash = "sha256:a9a396a6ad26130cdae92ae10c36af09d9bfe6cafe69670fd3b6da9b07b4044f", size = 152134, upload-time = "2024-09-21T17:34:19.904Z" },
]

[[package]]
name = "zoom-frida-hook"
version = "0.1.0"
source = { virtual = "." }
dependencies = [
    { name = "frida-tools" },
]

[package.metadata]
requires-dist = [{ name = "frida-tools", specifier = ">=14.8.1" }]
